{
  "version": 4,
  "terraform_version": "1.9.8",
  "serial": 1,
  "lineage": "6252a7e8-0127-5a26-72f8-4522e0f8f13d",
  "outputs": {},
  "resources": [
    {
      "mode": "managed",
      "type": "aws_instance",
      "name": "linux_vm",
      "provider": "provider[\"registry.terraform.io/hashicorp/aws\"]",
      "instances": [
        {
          "schema_version": 2,
          "attributes": {
            "ami": "ami-02d26659fd82cf299",
            "arn": "arn:aws:ec2:ap-south-1:030540333210:instance/i-0aadbcc7b140adfa5",
            "associate_public_ip_address": true,
            "availability_zone": "ap-south-1a",
            "capacity_reservation_specification": [
              {
                "capacity_reservation_preference": "open",
                "capacity_reservation_target": []
              }
            ],
            "cpu_options": [
              {
                "amd_sev_snp": "",
                "core_count": 1,
                "threads_per_core": 2
              }
            ],
            "credit_specification": [
              {
                "cpu_credits": "unlimited"
              }
            ],
            "disable_api_stop": false,
            "disable_api_termination": false,
            "ebs_block_device": [],
            "ebs_optimized": false,
            "enable_primary_ipv6": null,
            "enclave_options": [
              {
                "enabled": false
              }
            ],
            "ephemeral_block_device": [],
            "force_destroy": false,
            "get_password_data": false,
            "hibernation": false,
            "host_id": "",
            "host_resource_group_arn": null,
            "iam_instance_profile": "",
            "id": "i-0aadbcc7b140adfa5",
            "instance_initiated_shutdown_behavior": "stop",
            "instance_lifecycle": "",
            "instance_market_options": [],
            "instance_state": "running",
            "instance_type": "t3.micro",
            "ipv6_address_count": 0,
            "ipv6_addresses": [],
            "key_name": "key1",
            "launch_template": [],
            "maintenance_options": [
              {
                "auto_recovery": "default"
              }
            ],
            "metadata_options": [
              {
                "http_endpoint": "enabled",
                "http_protocol_ipv6": "disabled",
                "http_put_response_hop_limit": 2,
                "http_tokens": "required",
                "instance_metadata_tags": "disabled"
              }
            ],
            "monitoring": false,
            "network_interface": [],
            "outpost_arn": "",
            "password_data": "",
            "placement_group": "",
            "placement_group_id": "",
            "placement_partition_number": 0,
            "primary_network_interface": [
              {
                "delete_on_termination": true,
                "network_interface_id": "eni-0572335323e2a7239"
              }
            ],
            "primary_network_interface_id": "eni-0572335323e2a7239",
            "private_dns": "ip-172-31-34-138.ap-south-1.compute.internal",
            "private_dns_name_options": [
              {
                "enable_resource_name_dns_a_record": false,
                "enable_resource_name_dns_aaaa_record": false,
                "hostname_type": "ip-name"
              }
            ],
            "private_ip": "172.31.34.138",
            "public_dns": "ec2-65-2-169-180.ap-south-1.compute.amazonaws.com",
            "public_ip": "65.2.169.180",
            "region": "ap-south-1",
            "root_block_device": [
              {
                "delete_on_termination": true,
                "device_name": "/dev/sda1",
                "encrypted": false,
                "iops": 3000,
                "kms_key_id": "",
                "tags": {},
                "tags_all": {},
                "throughput": 125,
                "volume_id": "vol-002362051ba5cbf23",
                "volume_size": 8,
                "volume_type": "gp3"
              }
            ],
            "secondary_private_ips": [],
            "security_groups": [
              "default"
            ],
            "source_dest_check": true,
            "spot_instance_request_id": "",
            "subnet_id": "subnet-022cca2f556edc5b2",
            "tags": {
              "name": "nitin-vm"
            },
            "tags_all": {
              "name": "nitin-vm"
            },
            "tenancy": "default",
            "timeouts": null,
            "user_data": "#!/bin/bash\n# Script to install Apache2 and deploy a sample website\n\nset -e\n\necho \"Updating system packages...\"\nsudo apt update -y\n\necho \"Installing Apache2...\"\nsudo apt install -y apache2\n\necho \"Starting Apache service...\"\nsudo systemctl start apache2\nsudo systemctl enable apache2\n\n# Create a sample website\necho \"Deploying sample website...\"\nsudo mkdir -p /var/www/html\nsudo tee /var/www/html/index.html \u003e /dev/null \u003c\u003cEOF\n\u003c!DOCTYPE html\u003e\n\u003chtml\u003e\n\u003chead\u003e\n    \u003ctitle\u003eWelcome to My Sample Website\u003c/title\u003e\n\u003c/head\u003e\n\u003cbody style=\"font-family: Arial; text-align: center; margin-top: 50px;\"\u003e\n    \u003ch1\u003eHello from Apache2 Web Server!\u003c/h1\u003e\n    \u003cp\u003eThis is a sample webpage deployed using a shell script 🚀\u003c/p\u003e\n\u003c/body\u003e\n\u003c/html\u003e\nEOF\n\necho \"Adjusting permissions...\"\nsudo chown www-data:www-data /var/www/html/index.html || true\n\necho \"Restarting Apache to load changes...\"\nsudo systemctl restart apache2\n\necho \"Deployment complete! Visit http://\u003cyour-server-ip\u003e/ in your browser.\"\n",
            "user_data_base64": null,
            "user_data_replace_on_change": false,
            "volume_tags": null,
            "vpc_security_group_ids": [
              "sg-062f80938be3198e4"
            ]
          },
          "sensitive_attributes": [],
          "private": "eyJlMmJmYjczMC1lY2FhLTExZTYtOGY4OC0zNDM2M2JjN2M0YzAiOnsiY3JlYXRlIjo2MDAwMDAwMDAwMDAsImRlbGV0ZSI6MTIwMDAwMDAwMDAwMCwicmVhZCI6OTAwMDAwMDAwMDAwLCJ1cGRhdGUiOjYwMDAwMDAwMDAwMH0sInNjaGVtYV92ZXJzaW9uIjoiMiJ9"
        }
      ]
    }
  ],
  "check_results": null
}
